
Microsoft Visual Studio Solution File, Format Version 12.00
# Visual Studio Version 17
VisualStudioVersion = 17.12.35707.178 d17.12
MinimumVisualStudioVersion = 10.0.40219.1
Project("{2150E333-8FDC-42A3-9474-1A3956D46DE8}") = "Services", "Services", "{988F969C-E2BC-4D11-B657-EE9636E68EAF}"
EndProject
Project("{2150E333-8FDC-42A3-9474-1A3956D46DE8}") = "Catalog", "Catalog", "{7470DD47-15DA-4515-A458-C9F44551E4E2}"
EndProject
Project("{FAE04EC0-301F-11D3-BF4B-00C04F79EFBC}") = "CatalogAPI", "..\src\Services\Catalog\CatalogAPI\CatalogAPI.csproj", "{A7F762C4-9F8A-4D04-8535-137716A52206}"
EndProject
Global
	GlobalSection(SolutionConfigurationPlatforms) = preSolution
		Debug|Any CPU = Debug|Any CPU
		Release|Any CPU = Release|Any CPU
	EndGlobalSection
	GlobalSection(ProjectConfigurationPlatforms) = postSolution
		{A7F762C4-9F8A-4D04-8535-137716A52206}.Debug|Any CPU.ActiveCfg = Debug|Any CPU
		{A7F762C4-9F8A-4D04-8535-137716A52206}.Debug|Any CPU.Build.0 = Debug|Any CPU
		{A7F762C4-9F8A-4D04-8535-137716A52206}.Release|Any CPU.ActiveCfg = Release|Any CPU
		{A7F762C4-9F8A-4D04-8535-137716A52206}.Release|Any CPU.Build.0 = Release|Any CPU
	EndGlobalSection
	GlobalSection(SolutionProperties) = preSolution
		HideSolutionNode = FALSE
	EndGlobalSection
	GlobalSection(NestedProjects) = preSolution
		{7470DD47-15DA-4515-A458-C9F44551E4E2} = {988F969C-E2BC-4D11-B657-EE9636E68EAF}
		{A7F762C4-9F8A-4D04-8535-137716A52206} = {7470DD47-15DA-4515-A458-C9F44551E4E2}
	EndGlobalSection
EndGlobal
